{
  "version": 4,
  "terraform_version": "1.4.5",
  "serial": 31,
  "lineage": "db4074fd-837d-cd22-8932-12afdff1a72a",
  "outputs": {},
  "resources": [
    {
      "mode": "managed",
      "type": "kubernetes_service",
      "name": "keycloak",
      "provider": "provider[\"registry.terraform.io/hashicorp/kubernetes\"]",
      "instances": [
        {
          "schema_version": 1,
          "attributes": {
            "id": "keycloak/keycloak-server",
            "metadata": [
              {
                "annotations": {},
                "generate_name": "",
                "generation": 0,
                "labels": {},
                "name": "keycloak-server",
                "namespace": "keycloak",
                "resource_version": "125525",
                "uid": "7f918dfb-ce2c-44f2-b217-78a03e0f16b9"
              }
            ],
            "spec": [
              {
                "allocate_load_balancer_node_ports": true,
                "cluster_ip": "10.100.227.49",
                "cluster_ips": [
                  "10.100.227.49"
                ],
                "external_ips": [],
                "external_name": "",
                "external_traffic_policy": "Cluster",
                "health_check_node_port": 0,
                "internal_traffic_policy": "Cluster",
                "ip_families": [
                  "IPv4"
                ],
                "ip_family_policy": "SingleStack",
                "load_balancer_class": "",
                "load_balancer_ip": "",
                "load_balancer_source_ranges": [],
                "port": [
                  {
                    "app_protocol": "",
                    "name": "",
                    "node_port": 31342,
                    "port": 80,
                    "protocol": "TCP",
                    "target_port": "8080"
                  }
                ],
                "publish_not_ready_addresses": false,
                "selector": {
                  "app": "keycloak"
                },
                "session_affinity": "None",
                "session_affinity_config": [],
                "type": "NodePort"
              }
            ],
            "status": [
              {
                "load_balancer": [
                  {
                    "ingress": []
                  }
                ]
              }
            ],
            "timeouts": null,
            "wait_for_load_balancer": true
          },
          "sensitive_attributes": [],
          "private": "eyJlMmJmYjczMC1lY2FhLTExZTYtOGY4OC0zNDM2M2JjN2M0YzAiOnsiY3JlYXRlIjo2MDAwMDAwMDAwMDB9LCJzY2hlbWFfdmVyc2lvbiI6IjEifQ=="
        }
      ]
    },
    {
      "module": "module.keycloak-database",
      "mode": "managed",
      "type": "helm_release",
      "name": "postgresql",
      "provider": "provider[\"registry.terraform.io/hashicorp/helm\"]",
      "instances": [
        {
          "schema_version": 0,
          "attributes": {
            "atomic": false,
            "chart": "postgresql",
            "cleanup_on_fail": false,
            "create_namespace": true,
            "dependency_update": false,
            "description": null,
            "devel": null,
            "disable_crd_hooks": false,
            "disable_openapi_validation": false,
            "disable_webhooks": false,
            "force_update": false,
            "id": "keycloak-database",
            "keyring": null,
            "lint": false,
            "manifest": null,
            "max_history": 0,
            "metadata": [
              {
                "app_version": "16.0.0",
                "chart": "postgresql",
                "name": "keycloak-database",
                "namespace": "keycloak",
                "revision": 1,
                "values": "{\"auth\":{\"database\":\"keycloak_db\",\"password\":\"(sensitive value)\",\"username\":\"keycloak\"},\"primary\":{\"persistence\":{\"mountPath\":\"/bitnami/keycloak/postgres\"}}}",
                "version": "13.1.2"
              }
            ],
            "name": "keycloak-database",
            "namespace": "keycloak",
            "pass_credentials": false,
            "postrender": [],
            "recreate_pods": false,
            "render_subchart_notes": true,
            "replace": false,
            "repository": "https://charts.bitnami.com/bitnami",
            "repository_ca_file": null,
            "repository_cert_file": null,
            "repository_key_file": null,
            "repository_password": null,
            "repository_username": null,
            "reset_values": false,
            "reuse_values": false,
            "set": [
              {
                "name": "auth.database",
                "type": "",
                "value": "keycloak_db"
              },
              {
                "name": "auth.username",
                "type": "",
                "value": "keycloak"
              },
              {
                "name": "primary.persistence.mountPath",
                "type": "",
                "value": "/bitnami/keycloak/postgres"
              }
            ],
            "set_sensitive": [
              {
                "name": "auth.password",
                "type": "",
                "value": "keycloak2"
              }
            ],
            "skip_crds": false,
            "status": "deployed",
            "timeout": 300,
            "values": null,
            "verify": false,
            "version": "13.1.2",
            "wait": true,
            "wait_for_jobs": false
          },
          "sensitive_attributes": [],
          "private": "bnVsbA=="
        }
      ]
    }
  ],
  "check_results": null
}
